// !$*UTF8*$!
{
	archiveVersion = 1;
	classes = {
	};
	objectVersion = 51;
	objects = {

/* Begin PBXBuildFile section */
		650C0A4024FDDC12007D223F /* CellViewShowTVViewController.m in Sources */ = {isa = PBXBuildFile; fileRef = 650C0A3F24FDDC12007D223F /* CellViewShowTVViewController.m */; };
		650C0A5A24FDEF27007D223F /* TVTableViewCell.m in Sources */ = {isa = PBXBuildFile; fileRef = 650C0A5924FDEF27007D223F /* TVTableViewCell.m */; };
		650C0A5D24FDF360007D223F /* CellPlayerManage.m in Sources */ = {isa = PBXBuildFile; fileRef = 650C0A5C24FDF360007D223F /* CellPlayerManage.m */; };
		650C0A6024FE2EEF007D223F /* ChangeControlViewController.m in Sources */ = {isa = PBXBuildFile; fileRef = 650C0A5F24FE2EEF007D223F /* ChangeControlViewController.m */; };
		650C0A6A24FE351D007D223F /* TVBottomView.m in Sources */ = {isa = PBXBuildFile; fileRef = 650C0A6924FE351D007D223F /* TVBottomView.m */; };
		657685D324FCF08F0091256C /* NormalViewController.m in Sources */ = {isa = PBXBuildFile; fileRef = 657685D224FCF08F0091256C /* NormalViewController.m */; };
		658DA2C0226EEDCE00A7D246 /* AppDelegate.m in Sources */ = {isa = PBXBuildFile; fileRef = 658DA2BF226EEDCE00A7D246 /* AppDelegate.m */; };
		658DA2C3226EEDCE00A7D246 /* ViewController.m in Sources */ = {isa = PBXBuildFile; fileRef = 658DA2C2226EEDCE00A7D246 /* ViewController.m */; };
		658DA2C6226EEDCE00A7D246 /* Main.storyboard in Resources */ = {isa = PBXBuildFile; fileRef = 658DA2C4226EEDCE00A7D246 /* Main.storyboard */; };
		658DA2C8226EEDD000A7D246 /* Assets.xcassets in Resources */ = {isa = PBXBuildFile; fileRef = 658DA2C7226EEDD000A7D246 /* Assets.xcassets */; };
		658DA2CB226EEDD000A7D246 /* LaunchScreen.storyboard in Resources */ = {isa = PBXBuildFile; fileRef = 658DA2C9226EEDD000A7D246 /* LaunchScreen.storyboard */; };
		658DA2CE226EEDD000A7D246 /* main.m in Sources */ = {isa = PBXBuildFile; fileRef = 658DA2CD226EEDD000A7D246 /* main.m */; };
		658DA2D8226EEDD000A7D246 /* HZAVPlayerTests.m in Sources */ = {isa = PBXBuildFile; fileRef = 658DA2D7226EEDD000A7D246 /* HZAVPlayerTests.m */; };
		658DA2E3226EEDD000A7D246 /* HZAVPlayerUITests.m in Sources */ = {isa = PBXBuildFile; fileRef = 658DA2E2226EEDD000A7D246 /* HZAVPlayerUITests.m */; };
		65AA120B2529C226004F3943 /* HZ_PasswordViewModel.m in Sources */ = {isa = PBXBuildFile; fileRef = 65AA12092529C226004F3943 /* HZ_PasswordViewModel.m */; };
		65AA120E2529CAFB004F3943 /* NSData+LGJExtension.m in Sources */ = {isa = PBXBuildFile; fileRef = 65AA120D2529CAFB004F3943 /* NSData+LGJExtension.m */; };
		65CA5A5224FF688F00936F8A /* TVBottomSlideView.m in Sources */ = {isa = PBXBuildFile; fileRef = 65CA5A5124FF688F00936F8A /* TVBottomSlideView.m */; };
		65CA5A5524FF706F00936F8A /* BackgroundBottomView.m in Sources */ = {isa = PBXBuildFile; fileRef = 65CA5A5424FF706F00936F8A /* BackgroundBottomView.m */; };
		65CA5A5824FF77BF00936F8A /* FunctionBottomView.m in Sources */ = {isa = PBXBuildFile; fileRef = 65CA5A5724FF77BF00936F8A /* FunctionBottomView.m */; };
		65CA5A5C24FF950B00936F8A /* NSString+HZ_Time.m in Sources */ = {isa = PBXBuildFile; fileRef = 65CA5A5B24FF950B00936F8A /* NSString+HZ_Time.m */; };
		65CA5A5F24FF992800936F8A /* VHScreenViewController.m in Sources */ = {isa = PBXBuildFile; fileRef = 65CA5A5E24FF992800936F8A /* VHScreenViewController.m */; };
		65D64B232505E0FE00203119 /* MobileCoreServices.framework in Frameworks */ = {isa = PBXBuildFile; fileRef = 657685D424FCF37A0091256C /* MobileCoreServices.framework */; settings = {ATTRIBUTES = (Required, ); }; };
		BA680691BFCD1BBCE2D82208 /* libPods-HZAVPlayer.a in Frameworks */ = {isa = PBXBuildFile; fileRef = 286EB97CDD8FD7C9DA7A0C64 /* libPods-HZAVPlayer.a */; };
/* End PBXBuildFile section */

/* Begin PBXContainerItemProxy section */
		658DA2D4226EEDD000A7D246 /* PBXContainerItemProxy */ = {
			isa = PBXContainerItemProxy;
			containerPortal = 658DA2B3226EEDCE00A7D246 /* Project object */;
			proxyType = 1;
			remoteGlobalIDString = 658DA2BA226EEDCE00A7D246;
			remoteInfo = HZAVPlayer;
		};
		658DA2DF226EEDD000A7D246 /* PBXContainerItemProxy */ = {
			isa = PBXContainerItemProxy;
			containerPortal = 658DA2B3226EEDCE00A7D246 /* Project object */;
			proxyType = 1;
			remoteGlobalIDString = 658DA2BA226EEDCE00A7D246;
			remoteInfo = HZAVPlayer;
		};
/* End PBXContainerItemProxy section */

/* Begin PBXFileReference section */
		286EB97CDD8FD7C9DA7A0C64 /* libPods-HZAVPlayer.a */ = {isa = PBXFileReference; explicitFileType = archive.ar; includeInIndex = 0; path = "libPods-HZAVPlayer.a"; sourceTree = BUILT_PRODUCTS_DIR; };
		650C0A3E24FDDC12007D223F /* CellViewShowTVViewController.h */ = {isa = PBXFileReference; lastKnownFileType = sourcecode.c.h; path = CellViewShowTVViewController.h; sourceTree = "<group>"; };
		650C0A3F24FDDC12007D223F /* CellViewShowTVViewController.m */ = {isa = PBXFileReference; lastKnownFileType = sourcecode.c.objc; path = CellViewShowTVViewController.m; sourceTree = "<group>"; };
		650C0A5824FDEF27007D223F /* TVTableViewCell.h */ = {isa = PBXFileReference; lastKnownFileType = sourcecode.c.h; path = TVTableViewCell.h; sourceTree = "<group>"; };
		650C0A5924FDEF27007D223F /* TVTableViewCell.m */ = {isa = PBXFileReference; lastKnownFileType = sourcecode.c.objc; path = TVTableViewCell.m; sourceTree = "<group>"; };
		650C0A5B24FDF360007D223F /* CellPlayerManage.h */ = {isa = PBXFileReference; lastKnownFileType = sourcecode.c.h; path = CellPlayerManage.h; sourceTree = "<group>"; };
		650C0A5C24FDF360007D223F /* CellPlayerManage.m */ = {isa = PBXFileReference; lastKnownFileType = sourcecode.c.objc; path = CellPlayerManage.m; sourceTree = "<group>"; };
		650C0A5E24FE2EEF007D223F /* ChangeControlViewController.h */ = {isa = PBXFileReference; lastKnownFileType = sourcecode.c.h; path = ChangeControlViewController.h; sourceTree = "<group>"; };
		650C0A5F24FE2EEF007D223F /* ChangeControlViewController.m */ = {isa = PBXFileReference; lastKnownFileType = sourcecode.c.objc; path = ChangeControlViewController.m; sourceTree = "<group>"; };
		650C0A6824FE351D007D223F /* TVBottomView.h */ = {isa = PBXFileReference; lastKnownFileType = sourcecode.c.h; path = TVBottomView.h; sourceTree = "<group>"; };
		650C0A6924FE351D007D223F /* TVBottomView.m */ = {isa = PBXFileReference; lastKnownFileType = sourcecode.c.objc; path = TVBottomView.m; sourceTree = "<group>"; };
		657685D124FCF08F0091256C /* NormalViewController.h */ = {isa = PBXFileReference; lastKnownFileType = sourcecode.c.h; path = NormalViewController.h; sourceTree = "<group>"; };
		657685D224FCF08F0091256C /* NormalViewController.m */ = {isa = PBXFileReference; lastKnownFileType = sourcecode.c.objc; path = NormalViewController.m; sourceTree = "<group>"; };
		657685D424FCF37A0091256C /* MobileCoreServices.framework */ = {isa = PBXFileReference; lastKnownFileType = wrapper.framework; name = MobileCoreServices.framework; path = System/Library/Frameworks/MobileCoreServices.framework; sourceTree = SDKROOT; };
		658DA2BB226EEDCE00A7D246 /* HZAVPlayer.app */ = {isa = PBXFileReference; explicitFileType = wrapper.application; includeInIndex = 0; path = HZAVPlayer.app; sourceTree = BUILT_PRODUCTS_DIR; };
		658DA2BE226EEDCE00A7D246 /* AppDelegate.h */ = {isa = PBXFileReference; lastKnownFileType = sourcecode.c.h; path = AppDelegate.h; sourceTree = "<group>"; };
		658DA2BF226EEDCE00A7D246 /* AppDelegate.m */ = {isa = PBXFileReference; lastKnownFileType = sourcecode.c.objc; path = AppDelegate.m; sourceTree = "<group>"; };
		658DA2C1226EEDCE00A7D246 /* ViewController.h */ = {isa = PBXFileReference; lastKnownFileType = sourcecode.c.h; path = ViewController.h; sourceTree = "<group>"; };
		658DA2C2226EEDCE00A7D246 /* ViewController.m */ = {isa = PBXFileReference; lastKnownFileType = sourcecode.c.objc; path = ViewController.m; sourceTree = "<group>"; };
		658DA2C5226EEDCE00A7D246 /* Base */ = {isa = PBXFileReference; lastKnownFileType = file.storyboard; name = Base; path = Base.lproj/Main.storyboard; sourceTree = "<group>"; };
		658DA2C7226EEDD000A7D246 /* Assets.xcassets */ = {isa = PBXFileReference; lastKnownFileType = folder.assetcatalog; path = Assets.xcassets; sourceTree = "<group>"; };
		658DA2CA226EEDD000A7D246 /* Base */ = {isa = PBXFileReference; lastKnownFileType = file.storyboard; name = Base; path = Base.lproj/LaunchScreen.storyboard; sourceTree = "<group>"; };
		658DA2CC226EEDD000A7D246 /* Info.plist */ = {isa = PBXFileReference; lastKnownFileType = text.plist.xml; path = Info.plist; sourceTree = "<group>"; };
		658DA2CD226EEDD000A7D246 /* main.m */ = {isa = PBXFileReference; lastKnownFileType = sourcecode.c.objc; path = main.m; sourceTree = "<group>"; };
		658DA2D3226EEDD000A7D246 /* HZAVPlayerTests.xctest */ = {isa = PBXFileReference; explicitFileType = wrapper.cfbundle; includeInIndex = 0; path = HZAVPlayerTests.xctest; sourceTree = BUILT_PRODUCTS_DIR; };
		658DA2D7226EEDD000A7D246 /* HZAVPlayerTests.m */ = {isa = PBXFileReference; lastKnownFileType = sourcecode.c.objc; path = HZAVPlayerTests.m; sourceTree = "<group>"; };
		658DA2D9226EEDD000A7D246 /* Info.plist */ = {isa = PBXFileReference; lastKnownFileType = text.plist.xml; path = Info.plist; sourceTree = "<group>"; };
		658DA2DE226EEDD000A7D246 /* HZAVPlayerUITests.xctest */ = {isa = PBXFileReference; explicitFileType = wrapper.cfbundle; includeInIndex = 0; path = HZAVPlayerUITests.xctest; sourceTree = BUILT_PRODUCTS_DIR; };
		658DA2E2226EEDD000A7D246 /* HZAVPlayerUITests.m */ = {isa = PBXFileReference; lastKnownFileType = sourcecode.c.objc; path = HZAVPlayerUITests.m; sourceTree = "<group>"; };
		658DA2E4226EEDD000A7D246 /* Info.plist */ = {isa = PBXFileReference; lastKnownFileType = text.plist.xml; path = Info.plist; sourceTree = "<group>"; };
		65AA12092529C226004F3943 /* HZ_PasswordViewModel.m */ = {isa = PBXFileReference; fileEncoding = 4; lastKnownFileType = sourcecode.c.objc; path = HZ_PasswordViewModel.m; sourceTree = "<group>"; };
		65AA120A2529C226004F3943 /* HZ_PasswordViewModel.h */ = {isa = PBXFileReference; fileEncoding = 4; lastKnownFileType = sourcecode.c.h; path = HZ_PasswordViewModel.h; sourceTree = "<group>"; };
		65AA120C2529CAFB004F3943 /* NSData+LGJExtension.h */ = {isa = PBXFileReference; lastKnownFileType = sourcecode.c.h; path = "NSData+LGJExtension.h"; sourceTree = "<group>"; };
		65AA120D2529CAFB004F3943 /* NSData+LGJExtension.m */ = {isa = PBXFileReference; lastKnownFileType = sourcecode.c.objc; path = "NSData+LGJExtension.m"; sourceTree = "<group>"; };
		65CA5A5024FF688F00936F8A /* TVBottomSlideView.h */ = {isa = PBXFileReference; lastKnownFileType = sourcecode.c.h; path = TVBottomSlideView.h; sourceTree = "<group>"; };
		65CA5A5124FF688F00936F8A /* TVBottomSlideView.m */ = {isa = PBXFileReference; lastKnownFileType = sourcecode.c.objc; path = TVBottomSlideView.m; sourceTree = "<group>"; };
		65CA5A5324FF706F00936F8A /* BackgroundBottomView.h */ = {isa = PBXFileReference; lastKnownFileType = sourcecode.c.h; path = BackgroundBottomView.h; sourceTree = "<group>"; };
		65CA5A5424FF706F00936F8A /* BackgroundBottomView.m */ = {isa = PBXFileReference; lastKnownFileType = sourcecode.c.objc; path = BackgroundBottomView.m; sourceTree = "<group>"; };
		65CA5A5624FF77BF00936F8A /* FunctionBottomView.h */ = {isa = PBXFileReference; lastKnownFileType = sourcecode.c.h; path = FunctionBottomView.h; sourceTree = "<group>"; };
		65CA5A5724FF77BF00936F8A /* FunctionBottomView.m */ = {isa = PBXFileReference; lastKnownFileType = sourcecode.c.objc; path = FunctionBottomView.m; sourceTree = "<group>"; };
		65CA5A5A24FF950B00936F8A /* NSString+HZ_Time.h */ = {isa = PBXFileReference; fileEncoding = 4; lastKnownFileType = sourcecode.c.h; path = "NSString+HZ_Time.h"; sourceTree = "<group>"; };
		65CA5A5B24FF950B00936F8A /* NSString+HZ_Time.m */ = {isa = PBXFileReference; fileEncoding = 4; lastKnownFileType = sourcecode.c.objc; path = "NSString+HZ_Time.m"; sourceTree = "<group>"; };
		65CA5A5D24FF992800936F8A /* VHScreenViewController.h */ = {isa = PBXFileReference; lastKnownFileType = sourcecode.c.h; path = VHScreenViewController.h; sourceTree = "<group>"; };
		65CA5A5E24FF992800936F8A /* VHScreenViewController.m */ = {isa = PBXFileReference; lastKnownFileType = sourcecode.c.objc; path = VHScreenViewController.m; sourceTree = "<group>"; };
		8EEED47F8825C343EB3BC895 /* Pods-HZAVPlayer.release.xcconfig */ = {isa = PBXFileReference; includeInIndex = 1; lastKnownFileType = text.xcconfig; name = "Pods-HZAVPlayer.release.xcconfig"; path = "Target Support Files/Pods-HZAVPlayer/Pods-HZAVPlayer.release.xcconfig"; sourceTree = "<group>"; };
		D651FB10660CE13078185C8C /* Pods-HZAVPlayer.debug.xcconfig */ = {isa = PBXFileReference; includeInIndex = 1; lastKnownFileType = text.xcconfig; name = "Pods-HZAVPlayer.debug.xcconfig"; path = "Target Support Files/Pods-HZAVPlayer/Pods-HZAVPlayer.debug.xcconfig"; sourceTree = "<group>"; };
/* End PBXFileReference section */

/* Begin PBXFrameworksBuildPhase section */
		658DA2B8226EEDCE00A7D246 /* Frameworks */ = {
			isa = PBXFrameworksBuildPhase;
			buildActionMask = 2147483647;
			files = (
				BA680691BFCD1BBCE2D82208 /* libPods-HZAVPlayer.a in Frameworks */,
				65D64B232505E0FE00203119 /* MobileCoreServices.framework in Frameworks */,
			);
			runOnlyForDeploymentPostprocessing = 0;
		};
		658DA2D0226EEDD000A7D246 /* Frameworks */ = {
			isa = PBXFrameworksBuildPhase;
			buildActionMask = 2147483647;
			files = (
			);
			runOnlyForDeploymentPostprocessing = 0;
		};
		658DA2DB226EEDD000A7D246 /* Frameworks */ = {
			isa = PBXFrameworksBuildPhase;
			buildActionMask = 2147483647;
			files = (
			);
			runOnlyForDeploymentPostprocessing = 0;
		};
/* End PBXFrameworksBuildPhase section */

/* Begin PBXGroup section */
		650C0A4124FDDC37007D223F /* CellViewShow */ = {
			isa = PBXGroup;
			children = (
				650C0A3E24FDDC12007D223F /* CellViewShowTVViewController.h */,
				650C0A3F24FDDC12007D223F /* CellViewShowTVViewController.m */,
				650C0A5824FDEF27007D223F /* TVTableViewCell.h */,
				650C0A5924FDEF27007D223F /* TVTableViewCell.m */,
				650C0A5B24FDF360007D223F /* CellPlayerManage.h */,
				650C0A5C24FDF360007D223F /* CellPlayerManage.m */,
			);
			path = CellViewShow;
			sourceTree = "<group>";
		};
		650C0A6424FE34EA007D223F /* ChangeControlViewController */ = {
			isa = PBXGroup;
			children = (
				650C0A5E24FE2EEF007D223F /* ChangeControlViewController.h */,
				650C0A5F24FE2EEF007D223F /* ChangeControlViewController.m */,
				65CA5A5324FF706F00936F8A /* BackgroundBottomView.h */,
				65CA5A5424FF706F00936F8A /* BackgroundBottomView.m */,
				65CA5A5624FF77BF00936F8A /* FunctionBottomView.h */,
				65CA5A5724FF77BF00936F8A /* FunctionBottomView.m */,
				650C0A6824FE351D007D223F /* TVBottomView.h */,
				650C0A6924FE351D007D223F /* TVBottomView.m */,
				65CA5A5024FF688F00936F8A /* TVBottomSlideView.h */,
				65CA5A5124FF688F00936F8A /* TVBottomSlideView.m */,
			);
			path = ChangeControlViewController;
			sourceTree = "<group>";
		};
		658DA2B2226EEDCE00A7D246 = {
			isa = PBXGroup;
			children = (
				658DA2BD226EEDCE00A7D246 /* HZAVPlayer */,
				658DA2D6226EEDD000A7D246 /* HZAVPlayerTests */,
				658DA2E1226EEDD000A7D246 /* HZAVPlayerUITests */,
				658DA2BC226EEDCE00A7D246 /* Products */,
				F517398FA4C232FC3245D19C /* Pods */,
				9C97BC6F266448E7AF9BA1CF /* Frameworks */,
			);
			sourceTree = "<group>";
		};
		658DA2BC226EEDCE00A7D246 /* Products */ = {
			isa = PBXGroup;
			children = (
				658DA2BB226EEDCE00A7D246 /* HZAVPlayer.app */,
				658DA2D3226EEDD000A7D246 /* HZAVPlayerTests.xctest */,
				658DA2DE226EEDD000A7D246 /* HZAVPlayerUITests.xctest */,
			);
			name = Products;
			sourceTree = "<group>";
		};
		658DA2BD226EEDCE00A7D246 /* HZAVPlayer */ = {
			isa = PBXGroup;
			children = (
				65CA5A5924FF94FE00936F8A /* Tool */,
				650C0A6424FE34EA007D223F /* ChangeControlViewController */,
				650C0A4124FDDC37007D223F /* CellViewShow */,
				658DA2BE226EEDCE00A7D246 /* AppDelegate.h */,
				658DA2BF226EEDCE00A7D246 /* AppDelegate.m */,
				658DA2C1226EEDCE00A7D246 /* ViewController.h */,
				658DA2C2226EEDCE00A7D246 /* ViewController.m */,
				657685D124FCF08F0091256C /* NormalViewController.h */,
				657685D224FCF08F0091256C /* NormalViewController.m */,
				65CA5A5D24FF992800936F8A /* VHScreenViewController.h */,
				65CA5A5E24FF992800936F8A /* VHScreenViewController.m */,
				658DA2C4226EEDCE00A7D246 /* Main.storyboard */,
				658DA2C7226EEDD000A7D246 /* Assets.xcassets */,
				658DA2C9226EEDD000A7D246 /* LaunchScreen.storyboard */,
				658DA2CC226EEDD000A7D246 /* Info.plist */,
				658DA2CD226EEDD000A7D246 /* main.m */,
			);
			path = HZAVPlayer;
			sourceTree = "<group>";
		};
		658DA2D6226EEDD000A7D246 /* HZAVPlayerTests */ = {
			isa = PBXGroup;
			children = (
				658DA2D7226EEDD000A7D246 /* HZAVPlayerTests.m */,
				658DA2D9226EEDD000A7D246 /* Info.plist */,
			);
			path = HZAVPlayerTests;
			sourceTree = "<group>";
		};
		658DA2E1226EEDD000A7D246 /* HZAVPlayerUITests */ = {
			isa = PBXGroup;
			children = (
				658DA2E2226EEDD000A7D246 /* HZAVPlayerUITests.m */,
				658DA2E4226EEDD000A7D246 /* Info.plist */,
			);
			path = HZAVPlayerUITests;
			sourceTree = "<group>";
		};
		65CA5A5924FF94FE00936F8A /* Tool */ = {
			isa = PBXGroup;
			children = (
				65CA5A5A24FF950B00936F8A /* NSString+HZ_Time.h */,
				65CA5A5B24FF950B00936F8A /* NSString+HZ_Time.m */,
				65AA120A2529C226004F3943 /* HZ_PasswordViewModel.h */,
				65AA12092529C226004F3943 /* HZ_PasswordViewModel.m */,
				65AA120C2529CAFB004F3943 /* NSData+LGJExtension.h */,
				65AA120D2529CAFB004F3943 /* NSData+LGJExtension.m */,
			);
			path = Tool;
			sourceTree = "<group>";
		};
		9C97BC6F266448E7AF9BA1CF /* Frameworks */ = {
			isa = PBXGroup;
			children = (
				657685D424FCF37A0091256C /* MobileCoreServices.framework */,
				286EB97CDD8FD7C9DA7A0C64 /* libPods-HZAVPlayer.a */,
			);
			name = Frameworks;
			sourceTree = "<group>";
		};
		F517398FA4C232FC3245D19C /* Pods */ = {
			isa = PBXGroup;
			children = (
				D651FB10660CE13078185C8C /* Pods-HZAVPlayer.debug.xcconfig */,
				8EEED47F8825C343EB3BC895 /* Pods-HZAVPlayer.release.xcconfig */,
			);
			path = Pods;
			sourceTree = "<group>";
		};
/* End PBXGroup section */

/* Begin PBXNativeTarget section */
		658DA2BA226EEDCE00A7D246 /* HZAVPlayer */ = {
			isa = PBXNativeTarget;
			buildConfigurationList = 658DA2E7226EEDD000A7D246 /* Build configuration list for PBXNativeTarget "HZAVPlayer" */;
			buildPhases = (
				A70FC4C84A327F7E8179E3EE /* [CP] Check Pods Manifest.lock */,
				658DA2B7226EEDCE00A7D246 /* Sources */,
				658DA2B8226EEDCE00A7D246 /* Frameworks */,
				658DA2B9226EEDCE00A7D246 /* Resources */,
				B9E1CEF78F61E15A7CF77955 /* [CP] Copy Pods Resources */,
			);
			buildRules = (
			);
			dependencies = (
			);
			name = HZAVPlayer;
			productName = HZAVPlayer;
			productReference = 658DA2BB226EEDCE00A7D246 /* HZAVPlayer.app */;
			productType = "com.apple.product-type.application";
		};
		658DA2D2226EEDD000A7D246 /* HZAVPlayerTests */ = {
			isa = PBXNativeTarget;
			buildConfigurationList = 658DA2EA226EEDD000A7D246 /* Build configuration list for PBXNativeTarget "HZAVPlayerTests" */;
			buildPhases = (
				658DA2CF226EEDD000A7D246 /* Sources */,
				658DA2D0226EEDD000A7D246 /* Frameworks */,
				658DA2D1226EEDD000A7D246 /* Resources */,
			);
			buildRules = (
			);
			dependencies = (
				658DA2D5226EEDD000A7D246 /* PBXTargetDependency */,
			);
			name = HZAVPlayerTests;
			productName = HZAVPlayerTests;
			productReference = 658DA2D3226EEDD000A7D246 /* HZAVPlayerTests.xctest */;
			productType = "com.apple.product-type.bundle.unit-test";
		};
		658DA2DD226EEDD000A7D246 /* HZAVPlayerUITests */ = {
			isa = PBXNativeTarget;
			buildConfigurationList = 658DA2ED226EEDD000A7D246 /* Build configuration list for PBXNativeTarget "HZAVPlayerUITests" */;
			buildPhases = (
				658DA2DA226EEDD000A7D246 /* Sources */,
				658DA2DB226EEDD000A7D246 /* Frameworks */,
				658DA2DC226EEDD000A7D246 /* Resources */,
			);
			buildRules = (
			);
			dependencies = (
				658DA2E0226EEDD000A7D246 /* PBXTargetDependency */,
			);
			name = HZAVPlayerUITests;
			productName = HZAVPlayerUITests;
			productReference = 658DA2DE226EEDD000A7D246 /* HZAVPlayerUITests.xctest */;
			productType = "com.apple.product-type.bundle.ui-testing";
		};
/* End PBXNativeTarget section */

/* Begin PBXProject section */
		658DA2B3226EEDCE00A7D246 /* Project object */ = {
			isa = PBXProject;
			attributes = {
				LastUpgradeCheck = 1010;
				ORGANIZATIONNAME = "何鹏";
				TargetAttributes = {
					658DA2BA226EEDCE00A7D246 = {
						CreatedOnToolsVersion = 10.1;
					};
					658DA2D2226EEDD000A7D246 = {
						CreatedOnToolsVersion = 10.1;
						TestTargetID = 658DA2BA226EEDCE00A7D246;
					};
					658DA2DD226EEDD000A7D246 = {
						CreatedOnToolsVersion = 10.1;
						TestTargetID = 658DA2BA226EEDCE00A7D246;
					};
				};
			};
			buildConfigurationList = 658DA2B6226EEDCE00A7D246 /* Build configuration list for PBXProject "HZAVPlayer" */;
			compatibilityVersion = "Xcode 9.3";
			developmentRegion = en;
			hasScannedForEncodings = 0;
			knownRegions = (
				en,
				Base,
			);
			mainGroup = 658DA2B2226EEDCE00A7D246;
			productRefGroup = 658DA2BC226EEDCE00A7D246 /* Products */;
			projectDirPath = "";
			projectRoot = "";
			targets = (
				658DA2BA226EEDCE00A7D246 /* HZAVPlayer */,
				658DA2D2226EEDD000A7D246 /* HZAVPlayerTests */,
				658DA2DD226EEDD000A7D246 /* HZAVPlayerUITests */,
			);
		};
/* End PBXProject section */

/* Begin PBXResourcesBuildPhase section */
		658DA2B9226EEDCE00A7D246 /* Resources */ = {
			isa = PBXResourcesBuildPhase;
			buildActionMask = 2147483647;
			files = (
				658DA2CB226EEDD000A7D246 /* LaunchScreen.storyboard in Resources */,
				658DA2C8226EEDD000A7D246 /* Assets.xcassets in Resources */,
				658DA2C6226EEDCE00A7D246 /* Main.storyboard in Resources */,
			);
			runOnlyForDeploymentPostprocessing = 0;
		};
		658DA2D1226EEDD000A7D246 /* Resources */ = {
			isa = PBXResourcesBuildPhase;
			buildActionMask = 2147483647;
			files = (
			);
			runOnlyForDeploymentPostprocessing = 0;
		};
		658DA2DC226EEDD000A7D246 /* Resources */ = {
			isa = PBXResourcesBuildPhase;
			buildActionMask = 2147483647;
			files = (
			);
			runOnlyForDeploymentPostprocessing = 0;
		};
/* End PBXResourcesBuildPhase section */

/* Begin PBXShellScriptBuildPhase section */
		A70FC4C84A327F7E8179E3EE /* [CP] Check Pods Manifest.lock */ = {
			isa = PBXShellScriptBuildPhase;
			buildActionMask = 2147483647;
			files = (
			);
			inputFileListPaths = (
			);
			inputPaths = (
				"${PODS_PODFILE_DIR_PATH}/Podfile.lock",
				"${PODS_ROOT}/Manifest.lock",
			);
			name = "[CP] Check Pods Manifest.lock";
			outputFileListPaths = (
			);
			outputPaths = (
				"$(DERIVED_FILE_DIR)/Pods-HZAVPlayer-checkManifestLockResult.txt",
			);
			runOnlyForDeploymentPostprocessing = 0;
			shellPath = /bin/sh;
			shellScript = "diff \"${PODS_PODFILE_DIR_PATH}/Podfile.lock\" \"${PODS_ROOT}/Manifest.lock\" > /dev/null\nif [ $? != 0 ] ; then\n    # print error to STDERR\n    echo \"error: The sandbox is not in sync with the Podfile.lock. Run 'pod install' or update your CocoaPods installation.\" >&2\n    exit 1\nfi\n# This output is used by Xcode 'outputs' to avoid re-running this script phase.\necho \"SUCCESS\" > \"${SCRIPT_OUTPUT_FILE_0}\"\n";
			showEnvVarsInLog = 0;
		};
		B9E1CEF78F61E15A7CF77955 /* [CP] Copy Pods Resources */ = {
			isa = PBXShellScriptBuildPhase;
			buildActionMask = 2147483647;
			files = (
			);
			inputFileListPaths = (
				"${PODS_ROOT}/Target Support Files/Pods-HZAVPlayer/Pods-HZAVPlayer-resources-${CONFIGURATION}-input-files.xcfilelist",
			);
			name = "[CP] Copy Pods Resources";
			outputFileListPaths = (
				"${PODS_ROOT}/Target Support Files/Pods-HZAVPlayer/Pods-HZAVPlayer-resources-${CONFIGURATION}-output-files.xcfilelist",
			);
			runOnlyForDeploymentPostprocessing = 0;
			shellPath = /bin/sh;
			shellScript = "\"${PODS_ROOT}/Target Support Files/Pods-HZAVPlayer/Pods-HZAVPlayer-resources.sh\"\n";
			showEnvVarsInLog = 0;
		};
/* End PBXShellScriptBuildPhase section */

/* Begin PBXSourcesBuildPhase section */
		658DA2B7226EEDCE00A7D246 /* Sources */ = {
			isa = PBXSourcesBuildPhase;
			buildActionMask = 2147483647;
			files = (
				65AA120E2529CAFB004F3943 /* NSData+LGJExtension.m in Sources */,
				650C0A6A24FE351D007D223F /* TVBottomView.m in Sources */,
				65CA5A5224FF688F00936F8A /* TVBottomSlideView.m in Sources */,
				65CA5A5C24FF950B00936F8A /* NSString+HZ_Time.m in Sources */,
				658DA2C3226EEDCE00A7D246 /* ViewController.m in Sources */,
				650C0A5A24FDEF27007D223F /* TVTableViewCell.m in Sources */,
				65CA5A5524FF706F00936F8A /* BackgroundBottomView.m in Sources */,
				65CA5A5824FF77BF00936F8A /* FunctionBottomView.m in Sources */,
				658DA2CE226EEDD000A7D246 /* main.m in Sources */,
				650C0A5D24FDF360007D223F /* CellPlayerManage.m in Sources */,
				65AA120B2529C226004F3943 /* HZ_PasswordViewModel.m in Sources */,
				657685D324FCF08F0091256C /* NormalViewController.m in Sources */,
				650C0A4024FDDC12007D223F /* CellViewShowTVViewController.m in Sources */,
				650C0A6024FE2EEF007D223F /* ChangeControlViewController.m in Sources */,
				65CA5A5F24FF992800936F8A /* VHScreenViewController.m in Sources */,
				658DA2C0226EEDCE00A7D246 /* AppDelegate.m in Sources */,
			);
			runOnlyForDeploymentPostprocessing = 0;
		};
		658DA2CF226EEDD000A7D246 /* Sources */ = {
			isa = PBXSourcesBuildPhase;
			buildActionMask = 2147483647;
			files = (
				658DA2D8226EEDD000A7D246 /* HZAVPlayerTests.m in Sources */,
			);
			runOnlyForDeploymentPostprocessing = 0;
		};
		658DA2DA226EEDD000A7D246 /* Sources */ = {
			isa = PBXSourcesBuildPhase;
			buildActionMask = 2147483647;
			files = (
				658DA2E3226EEDD000A7D246 /* HZAVPlayerUITests.m in Sources */,
			);
			runOnlyForDeploymentPostprocessing = 0;
		};
/* End PBXSourcesBuildPhase section */

/* Begin PBXTargetDependency section */
		658DA2D5226EEDD000A7D246 /* PBXTargetDependency */ = {
			isa = PBXTargetDependency;
			target = 658DA2BA226EEDCE00A7D246 /* HZAVPlayer */;
			targetProxy = 658DA2D4226EEDD000A7D246 /* PBXContainerItemProxy */;
		};
		658DA2E0226EEDD000A7D246 /* PBXTargetDependency */ = {
			isa = PBXTargetDependency;
			target = 658DA2BA226EEDCE00A7D246 /* HZAVPlayer */;
			targetProxy = 658DA2DF226EEDD000A7D246 /* PBXContainerItemProxy */;
		};
/* End PBXTargetDependency section */

/* Begin PBXVariantGroup section */
		658DA2C4226EEDCE00A7D246 /* Main.storyboard */ = {
			isa = PBXVariantGroup;
			children = (
				658DA2C5226EEDCE00A7D246 /* Base */,
			);
			name = Main.storyboard;
			sourceTree = "<group>";
		};
		658DA2C9226EEDD000A7D246 /* LaunchScreen.storyboard */ = {
			isa = PBXVariantGroup;
			children = (
				658DA2CA226EEDD000A7D246 /* Base */,
			);
			name = LaunchScreen.storyboard;
			sourceTree = "<group>";
		};
/* End PBXVariantGroup section */

/* Begin XCBuildConfiguration section */
		658DA2E5226EEDD000A7D246 /* Debug */ = {
			isa = XCBuildConfiguration;
			buildSettings = {
				ALWAYS_SEARCH_USER_PATHS = NO;
				CLANG_ANALYZER_NONNULL = YES;
				CLANG_ANALYZER_NUMBER_OBJECT_CONVERSION = YES_AGGRESSIVE;
				CLANG_CXX_LANGUAGE_STANDARD = "gnu++14";
				CLANG_CXX_LIBRARY = "libc++";
				CLANG_ENABLE_MODULES = YES;
				CLANG_ENABLE_OBJC_ARC = YES;
				CLANG_ENABLE_OBJC_WEAK = YES;
				CLANG_WARN_BLOCK_CAPTURE_AUTORELEASING = YES;
				CLANG_WARN_BOOL_CONVERSION = YES;
				CLANG_WARN_COMMA = YES;
				CLANG_WARN_CONSTANT_CONVERSION = YES;
				CLANG_WARN_DEPRECATED_OBJC_IMPLEMENTATIONS = YES;
				CLANG_WARN_DIRECT_OBJC_ISA_USAGE = YES_ERROR;
				CLANG_WARN_DOCUMENTATION_COMMENTS = YES;
				CLANG_WARN_EMPTY_BODY = YES;
				CLANG_WARN_ENUM_CONVERSION = YES;
				CLANG_WARN_INFINITE_RECURSION = YES;
				CLANG_WARN_INT_CONVERSION = YES;
				CLANG_WARN_NON_LITERAL_NULL_CONVERSION = YES;
				CLANG_WARN_OBJC_IMPLICIT_RETAIN_SELF = YES;
				CLANG_WARN_OBJC_LITERAL_CONVERSION = YES;
				CLANG_WARN_OBJC_ROOT_CLASS = YES_ERROR;
				CLANG_WARN_RANGE_LOOP_ANALYSIS = YES;
				CLANG_WARN_STRICT_PROTOTYPES = YES;
				CLANG_WARN_SUSPICIOUS_MOVE = YES;
				CLANG_WARN_UNGUARDED_AVAILABILITY = YES_AGGRESSIVE;
				CLANG_WARN_UNREACHABLE_CODE = YES;
				CLANG_WARN__DUPLICATE_METHOD_MATCH = YES;
				CODE_SIGN_IDENTITY = "iPhone Developer";
				COPY_PHASE_STRIP = NO;
				DEBUG_INFORMATION_FORMAT = dwarf;
				ENABLE_STRICT_OBJC_MSGSEND = YES;
				ENABLE_TESTABILITY = YES;
				GCC_C_LANGUAGE_STANDARD = gnu11;
				GCC_DYNAMIC_NO_PIC = NO;
				GCC_NO_COMMON_BLOCKS = YES;
				GCC_OPTIMIZATION_LEVEL = 0;
				GCC_PREPROCESSOR_DEFINITIONS = (
					"DEBUG=1",
					"$(inherited)",
				);
				GCC_WARN_64_TO_32_BIT_CONVERSION = YES;
				GCC_WARN_ABOUT_RETURN_TYPE = YES_ERROR;
				GCC_WARN_UNDECLARED_SELECTOR = YES;
				GCC_WARN_UNINITIALIZED_AUTOS = YES_AGGRESSIVE;
				GCC_WARN_UNUSED_FUNCTION = YES;
				GCC_WARN_UNUSED_VARIABLE = YES;
				IPHONEOS_DEPLOYMENT_TARGET = 12.1;
				MTL_ENABLE_DEBUG_INFO = INCLUDE_SOURCE;
				MTL_FAST_MATH = YES;
				ONLY_ACTIVE_ARCH = YES;
				SDKROOT = iphoneos;
			};
			name = Debug;
		};
		658DA2E6226EEDD000A7D246 /* Release */ = {
			isa = XCBuildConfiguration;
			buildSettings = {
				ALWAYS_SEARCH_USER_PATHS = NO;
				CLANG_ANALYZER_NONNULL = YES;
				CLANG_ANALYZER_NUMBER_OBJECT_CONVERSION = YES_AGGRESSIVE;
				CLANG_CXX_LANGUAGE_STANDARD = "gnu++14";
				CLANG_CXX_LIBRARY = "libc++";
				CLANG_ENABLE_MODULES = YES;
				CLANG_ENABLE_OBJC_ARC = YES;
				CLANG_ENABLE_OBJC_WEAK = YES;
				CLANG_WARN_BLOCK_CAPTURE_AUTORELEASING = YES;
				CLANG_WARN_BOOL_CONVERSION = YES;
				CLANG_WARN_COMMA = YES;
				CLANG_WARN_CONSTANT_CONVERSION = YES;
				CLANG_WARN_DEPRECATED_OBJC_IMPLEMENTATIONS = YES;
				CLANG_WARN_DIRECT_OBJC_ISA_USAGE = YES_ERROR;
				CLANG_WARN_DOCUMENTATION_COMMENTS = YES;
				CLANG_WARN_EMPTY_BODY = YES;
				CLANG_WARN_ENUM_CONVERSION = YES;
				CLANG_WARN_INFINITE_RECURSION = YES;
				CLANG_WARN_INT_CONVERSION = YES;
				CLANG_WARN_NON_LITERAL_NULL_CONVERSION = YES;
				CLANG_WARN_OBJC_IMPLICIT_RETAIN_SELF = YES;
				CLANG_WARN_OBJC_LITERAL_CONVERSION = YES;
				CLANG_WARN_OBJC_ROOT_CLASS = YES_ERROR;
				CLANG_WARN_RANGE_LOOP_ANALYSIS = YES;
				CLANG_WARN_STRICT_PROTOTYPES = YES;
				CLANG_WARN_SUSPICIOUS_MOVE = YES;
				CLANG_WARN_UNGUARDED_AVAILABILITY = YES_AGGRESSIVE;
				CLANG_WARN_UNREACHABLE_CODE = YES;
				CLANG_WARN__DUPLICATE_METHOD_MATCH = YES;
				CODE_SIGN_IDENTITY = "iPhone Developer";
				COPY_PHASE_STRIP = NO;
				DEBUG_INFORMATION_FORMAT = "dwarf-with-dsym";
				ENABLE_NS_ASSERTIONS = NO;
				ENABLE_STRICT_OBJC_MSGSEND = YES;
				GCC_C_LANGUAGE_STANDARD = gnu11;
				GCC_NO_COMMON_BLOCKS = YES;
				GCC_WARN_64_TO_32_BIT_CONVERSION = YES;
				GCC_WARN_ABOUT_RETURN_TYPE = YES_ERROR;
				GCC_WARN_UNDECLARED_SELECTOR = YES;
				GCC_WARN_UNINITIALIZED_AUTOS = YES_AGGRESSIVE;
				GCC_WARN_UNUSED_FUNCTION = YES;
				GCC_WARN_UNUSED_VARIABLE = YES;
				IPHONEOS_DEPLOYMENT_TARGET = 12.1;
				MTL_ENABLE_DEBUG_INFO = NO;
				MTL_FAST_MATH = YES;
				SDKROOT = iphoneos;
				VALIDATE_PRODUCT = YES;
			};
			name = Release;
		};
		658DA2E8226EEDD000A7D246 /* Debug */ = {
			isa = XCBuildConfiguration;
			baseConfigurationReference = D651FB10660CE13078185C8C /* Pods-HZAVPlayer.debug.xcconfig */;
			buildSettings = {
				ASSETCATALOG_COMPILER_APPICON_NAME = AppIcon;
				CODE_SIGN_STYLE = Automatic;
				DEVELOPMENT_TEAM = P35S4B7K46;
				INFOPLIST_FILE = HZAVPlayer/Info.plist;
				IPHONEOS_DEPLOYMENT_TARGET = 9.0;
				LD_RUNPATH_SEARCH_PATHS = (
					"$(inherited)",
					"@executable_path/Frameworks",
				);
				PRODUCT_BUNDLE_IDENTIFIER = hepeng.HZAVPlayer;
				PRODUCT_NAME = "$(TARGET_NAME)";
				TARGETED_DEVICE_FAMILY = "1,2";
			};
			name = Debug;
		};
		658DA2E9226EEDD000A7D246 /* Release */ = {
			isa = XCBuildConfiguration;
			baseConfigurationReference = 8EEED47F8825C343EB3BC895 /* Pods-HZAVPlayer.release.xcconfig */;
			buildSettings = {
				ASSETCATALOG_COMPILER_APPICON_NAME = AppIcon;
				CODE_SIGN_STYLE = Automatic;
				DEVELOPMENT_TEAM = P35S4B7K46;
				INFOPLIST_FILE = HZAVPlayer/Info.plist;
				IPHONEOS_DEPLOYMENT_TARGET = 9.0;
				LD_RUNPATH_SEARCH_PATHS = (
					"$(inherited)",
					"@executable_path/Frameworks",
				);
				PRODUCT_BUNDLE_IDENTIFIER = hepeng.HZAVPlayer;
				PRODUCT_NAME = "$(TARGET_NAME)";
				TARGETED_DEVICE_FAMILY = "1,2";
			};
			name = Release;
		};
		658DA2EB226EEDD000A7D246 /* Debug */ = {
			isa = XCBuildConfiguration;
			buildSettings = {
				BUNDLE_LOADER = "$(TEST_HOST)";
				CODE_SIGN_STYLE = Automatic;
				DEVELOPMENT_TEAM = P35S4B7K46;
				INFOPLIST_FILE = HZAVPlayerTests/Info.plist;
				LD_RUNPATH_SEARCH_PATHS = (
					"$(inherited)",
					"@executable_path/Frameworks",
					"@loader_path/Frameworks",
				);
				PRODUCT_BUNDLE_IDENTIFIER = hepeng.HZAVPlayerTests;
				PRODUCT_NAME = "$(TARGET_NAME)";
				TARGETED_DEVICE_FAMILY = "1,2";
				TEST_HOST = "$(BUILT_PRODUCTS_DIR)/HZAVPlayer.app/HZAVPlayer";
			};
			name = Debug;
		};
		658DA2EC226EEDD000A7D246 /* Release */ = {
			isa = XCBuildConfiguration;
			buildSettings = {
				BUNDLE_LOADER = "$(TEST_HOST)";
				CODE_SIGN_STYLE = Automatic;
				DEVELOPMENT_TEAM = P35S4B7K46;
				INFOPLIST_FILE = HZAVPlayerTests/Info.plist;
				LD_RUNPATH_SEARCH_PATHS = (
					"$(inherited)",
					"@executable_path/Frameworks",
					"@loader_path/Frameworks",
				);
				PRODUCT_BUNDLE_IDENTIFIER = hepeng.HZAVPlayerTests;
				PRODUCT_NAME = "$(TARGET_NAME)";
				TARGETED_DEVICE_FAMILY = "1,2";
				TEST_HOST = "$(BUILT_PRODUCTS_DIR)/HZAVPlayer.app/HZAVPlayer";
			};
			name = Release;
		};
		658DA2EE226EEDD000A7D246 /* Debug */ = {
			isa = XCBuildConfiguration;
			buildSettings = {
				CODE_SIGN_STYLE = Automatic;
				DEVELOPMENT_TEAM = P35S4B7K46;
				INFOPLIST_FILE = HZAVPlayerUITests/Info.plist;
				LD_RUNPATH_SEARCH_PATHS = (
					"$(inherited)",
					"@executable_path/Frameworks",
					"@loader_path/Frameworks",
				);
				PRODUCT_BUNDLE_IDENTIFIER = hepeng.HZAVPlayerUITests;
				PRODUCT_NAME = "$(TARGET_NAME)";
				TARGETED_DEVICE_FAMILY = "1,2";
				TEST_TARGET_NAME = HZAVPlayer;
			};
			name = Debug;
		};
		658DA2EF226EEDD000A7D246 /* Release */ = {
			isa = XCBuildConfiguration;
			buildSettings = {
				CODE_SIGN_STYLE = Automatic;
				DEVELOPMENT_TEAM = P35S4B7K46;
				INFOPLIST_FILE = HZAVPlayerUITests/Info.plist;
				LD_RUNPATH_SEARCH_PATHS = (
					"$(inherited)",
					"@executable_path/Frameworks",
					"@loader_path/Frameworks",
				);
				PRODUCT_BUNDLE_IDENTIFIER = hepeng.HZAVPlayerUITests;
				PRODUCT_NAME = "$(TARGET_NAME)";
				TARGETED_DEVICE_FAMILY = "1,2";
				TEST_TARGET_NAME = HZAVPlayer;
			};
			name = Release;
		};
/* End XCBuildConfiguration section */

/* Begin XCConfigurationList section */
		658DA2B6226EEDCE00A7D246 /* Build configuration list for PBXProject "HZAVPlayer" */ = {
			isa = XCConfigurationList;
			buildConfigurations = (
				658DA2E5226EEDD000A7D246 /* Debug */,
				658DA2E6226EEDD000A7D246 /* Release */,
			);
			defaultConfigurationIsVisible = 0;
			defaultConfigurationName = Release;
		};
		658DA2E7226EEDD000A7D246 /* Build configuration list for PBXNativeTarget "HZAVPlayer" */ = {
			isa = XCConfigurationList;
			buildConfigurations = (
				658DA2E8226EEDD000A7D246 /* Debug */,
				658DA2E9226EEDD000A7D246 /* Release */,
			);
			defaultConfigurationIsVisible = 0;
			defaultConfigurationName = Release;
		};
		658DA2EA226EEDD000A7D246 /* Build configuration list for PBXNativeTarget "HZAVPlayerTests" */ = {
			isa = XCConfigurationList;
			buildConfigurations = (
				658DA2EB226EEDD000A7D246 /* Debug */,
				658DA2EC226EEDD000A7D246 /* Release */,
			);
			defaultConfigurationIsVisible = 0;
			defaultConfigurationName = Release;
		};
		658DA2ED226EEDD000A7D246 /* Build configuration list for PBXNativeTarget "HZAVPlayerUITests" */ = {
			isa = XCConfigurationList;
			buildConfigurations = (
				658DA2EE226EEDD000A7D246 /* Debug */,
				658DA2EF226EEDD000A7D246 /* Release */,
			);
			defaultConfigurationIsVisible = 0;
			defaultConfigurationName = Release;
		};
/* End XCConfigurationList section */
	};
	rootObject = 658DA2B3226EEDCE00A7D246 /* Project object */;
}
